
Microsoft Visual Studio Solution File, Format Version 12.00
# Visual Studio Version 17
VisualStudioVersion = 17.13.35818.85 d17.13
MinimumVisualStudioVersion = 10.0.40219.1
Project("{FAE04EC0-301F-11D3-BF4B-00C04F79EFBC}") = "DemonMaxwellGameLevelCreator", "DemonMaxwellGameLevelCreator.csproj", "{1DC71E2D-2897-4B18-B1B1-8D3BC4DD1E01}"
EndProject
Global
	GlobalSection(SolutionConfigurationPlatforms) = preSolution
		Debug|Any CPU = Debug|Any CPU
		Release|Any CPU = Release|Any CPU
	EndGlobalSection
	GlobalSection(ProjectConfigurationPlatforms) = postSolution
		{1DC71E2D-2897-4B18-B1B1-8D3BC4DD1E01}.Debug|Any CPU.ActiveCfg = Debug|Any CPU
		{1DC71E2D-2897-4B18-B1B1-8D3BC4DD1E01}.Debug|Any CPU.Build.0 = Debug|Any CPU
		{1DC71E2D-2897-4B18-B1B1-8D3BC4DD1E01}.Release|Any CPU.ActiveCfg = Release|Any CPU
		{1DC71E2D-2897-4B18-B1B1-8D3BC4DD1E01}.Release|Any CPU.Build.0 = Release|Any CPU
	EndGlobalSection
	GlobalSection(SolutionProperties) = preSolution
		HideSolutionNode = FALSE
	EndGlobalSection
	GlobalSection(ExtensibilityGlobals) = postSolution
		SolutionGuid = {258D511B-C335-4F5D-B3F5-02C6A91460BD}
	EndGlobalSection
EndGlobal
